
Microsoft Visual Studio Solution File, Format Version 12.00
# Visual Studio Version 16
VisualStudioVersion = 16.0.33529.622
MinimumVisualStudioVersion = 10.0.40219.1
Project("{FAE04EC0-301F-11D3-BF4B-00C04F79EFBC}") = "HandWriteApp", "HandWriteApp\HandWriteApp.csproj", "{965F7104-DF89-4510-A3B1-CBDA838BC92E}"
EndProject
Global
	GlobalSection(SolutionConfigurationPlatforms) = preSolution
		Debug|Any CPU = Debug|Any CPU
		Release|Any CPU = Release|Any CPU
	EndGlobalSection
	GlobalSection(ProjectConfigurationPlatforms) = postSolution
		{965F7104-DF89-4510-A3B1-CBDA838BC92E}.Debug|Any CPU.ActiveCfg = Debug|Any CPU
		{965F7104-DF89-4510-A3B1-CBDA838BC92E}.Debug|Any CPU.Build.0 = Debug|Any CPU
		{965F7104-DF89-4510-A3B1-CBDA838BC92E}.Release|Any CPU.ActiveCfg = Release|Any CPU
		{965F7104-DF89-4510-A3B1-CBDA838BC92E}.Release|Any CPU.Build.0 = Release|Any CPU
	EndGlobalSection
	GlobalSection(SolutionProperties) = preSolution
		HideSolutionNode = FALSE
	EndGlobalSection
	GlobalSection(ExtensibilityGlobals) = postSolution
		SolutionGuid = {12BCB341-6CB3-4942-A4D1-C95A609B7AD1}
	EndGlobalSection
EndGlobal
